
Microsoft Visual Studio Solution File, Format Version 12.00
# Visual Studio Version 16
VisualStudioVersion = 16.0.30011.22
MinimumVisualStudioVersion = 10.0.40219.1
Project("{9A19103F-16F7-4668-BE54-9A1E7A4F7556}") = "UserManagement", "..\SVC_UserManagement\UserManagement.csproj", "{153BCD00-54B0-4A6D-9B2F-5645195924DB}"
EndProject
Project("{FAE04EC0-301F-11D3-BF4B-00C04F79EFBC}") = "NotificationManagementDBEntity", "..\SHR_DBEntity\NotificationManagementDBEntity.csproj", "{A1BB995C-E79B-4926-BBA2-C339A2442F68}"
EndProject
Global
	GlobalSection(SolutionConfigurationPlatforms) = preSolution
		Debug|Any CPU = Debug|Any CPU
		Release|Any CPU = Release|Any CPU
	EndGlobalSection
	GlobalSection(ProjectConfigurationPlatforms) = postSolution
		{153BCD00-54B0-4A6D-9B2F-5645195924DB}.Debug|Any CPU.ActiveCfg = Debug|Any CPU
		{153BCD00-54B0-4A6D-9B2F-5645195924DB}.Debug|Any CPU.Build.0 = Debug|Any CPU
		{153BCD00-54B0-4A6D-9B2F-5645195924DB}.Release|Any CPU.ActiveCfg = Release|Any CPU
		{153BCD00-54B0-4A6D-9B2F-5645195924DB}.Release|Any CPU.Build.0 = Release|Any CPU
		{A1BB995C-E79B-4926-BBA2-C339A2442F68}.Debug|Any CPU.ActiveCfg = Debug|Any CPU
		{A1BB995C-E79B-4926-BBA2-C339A2442F68}.Debug|Any CPU.Build.0 = Debug|Any CPU
		{A1BB995C-E79B-4926-BBA2-C339A2442F68}.Release|Any CPU.ActiveCfg = Release|Any CPU
		{A1BB995C-E79B-4926-BBA2-C339A2442F68}.Release|Any CPU.Build.0 = Release|Any CPU
	EndGlobalSection
	GlobalSection(SolutionProperties) = preSolution
		HideSolutionNode = FALSE
	EndGlobalSection
	GlobalSection(ExtensibilityGlobals) = postSolution
		SolutionGuid = {2123D1DF-EA8D-4491-A534-6A3B34CEE926}
	EndGlobalSection
EndGlobal
